
Microsoft Visual Studio Solution File, Format Version 12.00
# Visual Studio Version 17
VisualStudioVersion = 17.5.33530.505
MinimumVisualStudioVersion = 10.0.40219.1
Project("{2150E333-8FDC-42A3-9474-1A3956D46DE8}") = "1 - Presentation", "1 - Presentation", "{586A9143-CD65-476A-8BDC-15DEEDF2D7EC}"
EndProject
Project("{FAE04EC0-301F-11D3-BF4B-00C04F79EFBC}") = "LearnAPI", "LearnAPI\LearnAPI.csproj", "{BA82C3AC-05F2-436F-845E-5E671F880B12}"
EndProject
Project("{2150E333-8FDC-42A3-9474-1A3956D46DE8}") = "2 - Application", "2 - Application", "{D5582679-A801-441F-80E1-765C9263E890}"
EndProject
Project("{FAE04EC0-301F-11D3-BF4B-00C04F79EFBC}") = "LearnAPI.Application", "LearnAPI.Application\LearnAPI.Application.csproj", "{4A9F04BA-5CFA-46EB-8A49-A232E71A884D}"
EndProject
Project("{2150E333-8FDC-42A3-9474-1A3956D46DE8}") = "3 - Domain", "3 - Domain", "{1704DFC4-EF90-4CAC-8A33-2BDCC03D0C5E}"
EndProject
Project("{FAE04EC0-301F-11D3-BF4B-00C04F79EFBC}") = "LearnAPI.Domain", "LearnAPI.Domain\LearnAPI.Domain.csproj", "{8CECE29C-40F6-4AD3-8C21-5372D918A554}"
EndProject
Project("{FAE04EC0-301F-11D3-BF4B-00C04F79EFBC}") = "LearnAPI.Infra", "LearnAPI.Infra\LearnAPI.Infra.csproj", "{031C480A-F473-4153-9A97-A1B54EE7AF46}"
EndProject
Project("{2150E333-8FDC-42A3-9474-1A3956D46DE8}") = "4 - Infra", "4 - Infra", "{99D6E0AB-0C3C-4CF8-B205-AF58FBECC65D}"
EndProject
Global
	GlobalSection(SolutionConfigurationPlatforms) = preSolution
		Debug|Any CPU = Debug|Any CPU
		Release|Any CPU = Release|Any CPU
	EndGlobalSection
	GlobalSection(ProjectConfigurationPlatforms) = postSolution
		{BA82C3AC-05F2-436F-845E-5E671F880B12}.Debug|Any CPU.ActiveCfg = Debug|Any CPU
		{BA82C3AC-05F2-436F-845E-5E671F880B12}.Debug|Any CPU.Build.0 = Debug|Any CPU
		{BA82C3AC-05F2-436F-845E-5E671F880B12}.Release|Any CPU.ActiveCfg = Release|Any CPU
		{BA82C3AC-05F2-436F-845E-5E671F880B12}.Release|Any CPU.Build.0 = Release|Any CPU
		{4A9F04BA-5CFA-46EB-8A49-A232E71A884D}.Debug|Any CPU.ActiveCfg = Debug|Any CPU
		{4A9F04BA-5CFA-46EB-8A49-A232E71A884D}.Debug|Any CPU.Build.0 = Debug|Any CPU
		{4A9F04BA-5CFA-46EB-8A49-A232E71A884D}.Release|Any CPU.ActiveCfg = Release|Any CPU
		{4A9F04BA-5CFA-46EB-8A49-A232E71A884D}.Release|Any CPU.Build.0 = Release|Any CPU
		{8CECE29C-40F6-4AD3-8C21-5372D918A554}.Debug|Any CPU.ActiveCfg = Debug|Any CPU
		{8CECE29C-40F6-4AD3-8C21-5372D918A554}.Debug|Any CPU.Build.0 = Debug|Any CPU
		{8CECE29C-40F6-4AD3-8C21-5372D918A554}.Release|Any CPU.ActiveCfg = Release|Any CPU
		{8CECE29C-40F6-4AD3-8C21-5372D918A554}.Release|Any CPU.Build.0 = Release|Any CPU
		{031C480A-F473-4153-9A97-A1B54EE7AF46}.Debug|Any CPU.ActiveCfg = Debug|Any CPU
		{031C480A-F473-4153-9A97-A1B54EE7AF46}.Debug|Any CPU.Build.0 = Debug|Any CPU
		{031C480A-F473-4153-9A97-A1B54EE7AF46}.Release|Any CPU.ActiveCfg = Release|Any CPU
		{031C480A-F473-4153-9A97-A1B54EE7AF46}.Release|Any CPU.Build.0 = Release|Any CPU
	EndGlobalSection
	GlobalSection(SolutionProperties) = preSolution
		HideSolutionNode = FALSE
	EndGlobalSection
	GlobalSection(NestedProjects) = preSolution
		{BA82C3AC-05F2-436F-845E-5E671F880B12} = {586A9143-CD65-476A-8BDC-15DEEDF2D7EC}
		{4A9F04BA-5CFA-46EB-8A49-A232E71A884D} = {D5582679-A801-441F-80E1-765C9263E890}
		{8CECE29C-40F6-4AD3-8C21-5372D918A554} = {1704DFC4-EF90-4CAC-8A33-2BDCC03D0C5E}
		{031C480A-F473-4153-9A97-A1B54EE7AF46} = {99D6E0AB-0C3C-4CF8-B205-AF58FBECC65D}
	EndGlobalSection
	GlobalSection(ExtensibilityGlobals) = postSolution
		SolutionGuid = {0547BFBC-6277-4ABE-8612-72E77CA2112B}
	EndGlobalSection
EndGlobal
